Microsoft Visual Studio Solution File, Format Version 12.00
# Visual Studio Version 16
VisualStudioVersion = 16.0.31424.327
MinimumVisualStudioVersion = 10.0.40219.1
Project("{9A19103F-16F7-4668-BE54-9A1E7A4F7556}") = "UnitTestingExercise", "UnitTestingExercise\UnitTestingExercise.csproj", "{43D53B10-3CE2-4C0E-88FE-9D91DB45206D}"
EndProject
Project("{9A19103F-16F7-4668-BE54-9A1E7A4F7556}") = "UnitTestingExercise.Tests", "UnitTestingExercise.Tests\UnitTestingExercise.Tests.csproj", "{ECAA8411-03B7-4AC2-AB0E-DBA6B1F8E4FA}"
EndProject
Global
	GlobalSection(SolutionConfigurationPlatforms) = preSolution
		Debug|Any CPU = Debug|Any CPU
		Release|Any CPU = Release|Any CPU
	EndGlobalSection
	GlobalSection(ProjectConfigurationPlatforms) = postSolution
		{43D53B10-3CE2-4C0E-88FE-9D91DB45206D}.Debug|Any CPU.ActiveCfg = Debug|Any CPU
		{43D53B10-3CE2-4C0E-88FE-9D91DB45206D}.Debug|Any CPU.Build.0 = Debug|Any CPU
		{43D53B10-3CE2-4C0E-88FE-9D91DB45206D}.Release|Any CPU.ActiveCfg = Release|Any CPU
		{43D53B10-3CE2-4C0E-88FE-9D91DB45206D}.Release|Any CPU.Build.0 = Release|Any CPU
		{ECAA8411-03B7-4AC2-AB0E-DBA6B1F8E4FA}.Debug|Any CPU.ActiveCfg = Debug|Any CPU
		{ECAA8411-03B7-4AC2-AB0E-DBA6B1F8E4FA}.Debug|Any CPU.Build.0 = Debug|Any CPU
		{ECAA8411-03B7-4AC2-AB0E-DBA6B1F8E4FA}.Release|Any CPU.ActiveCfg = Release|Any CPU
		{ECAA8411-03B7-4AC2-AB0E-DBA6B1F8E4FA}.Release|Any CPU.Build.0 = Release|Any CPU
	EndGlobalSection
	GlobalSection(SolutionProperties) = preSolution
		HideSolutionNode = FALSE
	EndGlobalSection
	GlobalSection(ExtensibilityGlobals) = postSolution
		SolutionGuid = {70476FDC-6C0D-464F-A3A1-5AB2B9735454}
	EndGlobalSection
EndGlobal
